
Microsoft Visual Studio Solution File, Format Version 12.00
# Visual Studio Version 17
VisualStudioVersion = 17.0.31912.275
MinimumVisualStudioVersion = 10.0.40219.1
Project("{FAE04EC0-301F-11D3-BF4B-00C04F79EFBC}") = "BJJ9B1_HFT_2022231", "hft_beadando\BJJ9B1_HFT_2022231.csproj", "{E1A73C52-F393-49ED-B2A8-B7A44E386AF1}"
EndProject
Global
	GlobalSection(SolutionConfigurationPlatforms) = preSolution
		Debug|Any CPU = Debug|Any CPU
		Release|Any CPU = Release|Any CPU
	EndGlobalSection
	GlobalSection(ProjectConfigurationPlatforms) = postSolution
		{E1A73C52-F393-49ED-B2A8-B7A44E386AF1}.Debug|Any CPU.ActiveCfg = Debug|Any CPU
		{E1A73C52-F393-49ED-B2A8-B7A44E386AF1}.Debug|Any CPU.Build.0 = Debug|Any CPU
		{E1A73C52-F393-49ED-B2A8-B7A44E386AF1}.Release|Any CPU.ActiveCfg = Release|Any CPU
		{E1A73C52-F393-49ED-B2A8-B7A44E386AF1}.Release|Any CPU.Build.0 = Release|Any CPU
	EndGlobalSection
	GlobalSection(SolutionProperties) = preSolution
		HideSolutionNode = FALSE
	EndGlobalSection
	GlobalSection(ExtensibilityGlobals) = postSolution
		SolutionGuid = {86536D06-E29A-4CEC-8F96-4DDF7135011A}
	EndGlobalSection
EndGlobal
