
Microsoft Visual Studio Solution File, Format Version 12.00
# Visual Studio Version 17
VisualStudioVersion = 17.0.31912.275
MinimumVisualStudioVersion = 10.0.40219.1
Project("{9A19103F-16F7-4668-BE54-9A1E7A4F7556}") = "BJJ9B1_HFT_2022231.Client", "hft_beadando\BJJ9B1_HFT_2022231.Client.csproj", "{E1A73C52-F393-49ED-B2A8-B7A44E386AF1}"
EndProject
Project("{2150E333-8FDC-42A3-9474-1A3956D46DE8}") = "Frontend", "Frontend", "{29AA14FC-C616-4AAB-9BEA-C36FD81CAEDB}"
EndProject
Project("{2150E333-8FDC-42A3-9474-1A3956D46DE8}") = "Backend", "Backend", "{1EED04B7-8A14-4BB1-A53B-3FDD507FF246}"
EndProject
Project("{2150E333-8FDC-42A3-9474-1A3956D46DE8}") = "Shared", "Shared", "{7C5F0CFC-A16D-4E5F-9C47-12CA7C33EE88}"
EndProject
Project("{9A19103F-16F7-4668-BE54-9A1E7A4F7556}") = "BJJ9B1_HFT_2022231.Repository", "BJJ9B1_HFT_2022231.Repository\BJJ9B1_HFT_2022231.Repository.csproj", "{C4DF2353-76AB-45B7-AB3B-82C907C63A59}"
EndProject
Project("{9A19103F-16F7-4668-BE54-9A1E7A4F7556}") = "BJJ9B1_HFT_2022231.Models", "BJJ9B1_HFT_2022231.Models\BJJ9B1_HFT_2022231.Models.csproj", "{9532B059-847E-44BB-903A-DF5866F21B19}"
EndProject
Project("{9A19103F-16F7-4668-BE54-9A1E7A4F7556}") = "BJJ9B1_HFT_2022231.Logic", "BJJ9B1_HFT_2022231.Logic\BJJ9B1_HFT_2022231.Logic.csproj", "{19A4EC5C-4505-400D-A857-B315D190A992}"
EndProject
Project("{9A19103F-16F7-4668-BE54-9A1E7A4F7556}") = "BJJ9B1_HFT_2022231.Test", "BJJ9B1_HFT_2022231.Test\BJJ9B1_HFT_2022231.Test.csproj", "{A8DE8310-D8F5-46B4-896E-D6D84FF45B9B}"
EndProject
Project("{9A19103F-16F7-4668-BE54-9A1E7A4F7556}") = "BJJ9B1_HFT_2022231.Endpoint", "BJJ9B1_HFT_2022231.Endpoint\BJJ9B1_HFT_2022231.Endpoint.csproj", "{115BD4E7-EDC4-4D96-B3BD-59ED221D0894}"
EndProject
Project("{FAE04EC0-301F-11D3-BF4B-00C04F79EFBC}") = "BJJ9B1_GUI_2022232.WpfClient", "BJJ9B1_GUI_2022232.WpfClient\BJJ9B1_GUI_2022232.WpfClient.csproj", "{E9FD3F0B-2BFD-4732-990C-906A8FE056C6}"
EndProject
Global
	GlobalSection(SolutionConfigurationPlatforms) = preSolution
		Debug|Any CPU = Debug|Any CPU
		Release|Any CPU = Release|Any CPU
	EndGlobalSection
	GlobalSection(ProjectConfigurationPlatforms) = postSolution
		{E1A73C52-F393-49ED-B2A8-B7A44E386AF1}.Debug|Any CPU.ActiveCfg = Debug|Any CPU
		{E1A73C52-F393-49ED-B2A8-B7A44E386AF1}.Debug|Any CPU.Build.0 = Debug|Any CPU
		{E1A73C52-F393-49ED-B2A8-B7A44E386AF1}.Release|Any CPU.ActiveCfg = Release|Any CPU
		{E1A73C52-F393-49ED-B2A8-B7A44E386AF1}.Release|Any CPU.Build.0 = Release|Any CPU
		{C4DF2353-76AB-45B7-AB3B-82C907C63A59}.Debug|Any CPU.ActiveCfg = Debug|Any CPU
		{C4DF2353-76AB-45B7-AB3B-82C907C63A59}.Debug|Any CPU.Build.0 = Debug|Any CPU
		{C4DF2353-76AB-45B7-AB3B-82C907C63A59}.Release|Any CPU.ActiveCfg = Release|Any CPU
		{C4DF2353-76AB-45B7-AB3B-82C907C63A59}.Release|Any CPU.Build.0 = Release|Any CPU
		{9532B059-847E-44BB-903A-DF5866F21B19}.Debug|Any CPU.ActiveCfg = Debug|Any CPU
		{9532B059-847E-44BB-903A-DF5866F21B19}.Debug|Any CPU.Build.0 = Debug|Any CPU
		{9532B059-847E-44BB-903A-DF5866F21B19}.Release|Any CPU.ActiveCfg = Release|Any CPU
		{9532B059-847E-44BB-903A-DF5866F21B19}.Release|Any CPU.Build.0 = Release|Any CPU
		{19A4EC5C-4505-400D-A857-B315D190A992}.Debug|Any CPU.ActiveCfg = Debug|Any CPU
		{19A4EC5C-4505-400D-A857-B315D190A992}.Debug|Any CPU.Build.0 = Debug|Any CPU
		{19A4EC5C-4505-400D-A857-B315D190A992}.Release|Any CPU.ActiveCfg = Release|Any CPU
		{19A4EC5C-4505-400D-A857-B315D190A992}.Release|Any CPU.Build.0 = Release|Any CPU
		{A8DE8310-D8F5-46B4-896E-D6D84FF45B9B}.Debug|Any CPU.ActiveCfg = Debug|Any CPU
		{A8DE8310-D8F5-46B4-896E-D6D84FF45B9B}.Debug|Any CPU.Build.0 = Debug|Any CPU
		{A8DE8310-D8F5-46B4-896E-D6D84FF45B9B}.Release|Any CPU.ActiveCfg = Release|Any CPU
		{A8DE8310-D8F5-46B4-896E-D6D84FF45B9B}.Release|Any CPU.Build.0 = Release|Any CPU
		{115BD4E7-EDC4-4D96-B3BD-59ED221D0894}.Debug|Any CPU.ActiveCfg = Debug|Any CPU
		{115BD4E7-EDC4-4D96-B3BD-59ED221D0894}.Debug|Any CPU.Build.0 = Debug|Any CPU
		{115BD4E7-EDC4-4D96-B3BD-59ED221D0894}.Release|Any CPU.ActiveCfg = Release|Any CPU
		{115BD4E7-EDC4-4D96-B3BD-59ED221D0894}.Release|Any CPU.Build.0 = Release|Any CPU
		{E9FD3F0B-2BFD-4732-990C-906A8FE056C6}.Debug|Any CPU.ActiveCfg = Debug|Any CPU
		{E9FD3F0B-2BFD-4732-990C-906A8FE056C6}.Debug|Any CPU.Build.0 = Debug|Any CPU
		{E9FD3F0B-2BFD-4732-990C-906A8FE056C6}.Release|Any CPU.ActiveCfg = Release|Any CPU
		{E9FD3F0B-2BFD-4732-990C-906A8FE056C6}.Release|Any CPU.Build.0 = Release|Any CPU
	EndGlobalSection
	GlobalSection(SolutionProperties) = preSolution
		HideSolutionNode = FALSE
	EndGlobalSection
	GlobalSection(NestedProjects) = preSolution
		{E1A73C52-F393-49ED-B2A8-B7A44E386AF1} = {29AA14FC-C616-4AAB-9BEA-C36FD81CAEDB}
		{C4DF2353-76AB-45B7-AB3B-82C907C63A59} = {1EED04B7-8A14-4BB1-A53B-3FDD507FF246}
		{9532B059-847E-44BB-903A-DF5866F21B19} = {7C5F0CFC-A16D-4E5F-9C47-12CA7C33EE88}
		{19A4EC5C-4505-400D-A857-B315D190A992} = {1EED04B7-8A14-4BB1-A53B-3FDD507FF246}
		{A8DE8310-D8F5-46B4-896E-D6D84FF45B9B} = {1EED04B7-8A14-4BB1-A53B-3FDD507FF246}
		{115BD4E7-EDC4-4D96-B3BD-59ED221D0894} = {1EED04B7-8A14-4BB1-A53B-3FDD507FF246}
		{E9FD3F0B-2BFD-4732-990C-906A8FE056C6} = {29AA14FC-C616-4AAB-9BEA-C36FD81CAEDB}
	EndGlobalSection
	GlobalSection(ExtensibilityGlobals) = postSolution
		SolutionGuid = {86536D06-E29A-4CEC-8F96-4DDF7135011A}
	EndGlobalSection
EndGlobal
